
Microsoft Visual Studio Solution File, Format Version 12.00
# Visual Studio Version 16
VisualStudioVersion = 16.0.29613.14
MinimumVisualStudioVersion = 10.0.40219.1
Project("{FAE04EC0-301F-11D3-BF4B-00C04F79EFBC}") = "VectoriMatrice", "VectoriMatrice\VectoriMatrice.csproj", "{F380C0BB-6736-427F-8A57-D1A22AB28E1D}"
EndProject
Global
	GlobalSection(SolutionConfigurationPlatforms) = preSolution
		Debug|Any CPU = Debug|Any CPU
		Release|Any CPU = Release|Any CPU
	EndGlobalSection
	GlobalSection(ProjectConfigurationPlatforms) = postSolution
		{F380C0BB-6736-427F-8A57-D1A22AB28E1D}.Debug|Any CPU.ActiveCfg = Debug|Any CPU
		{F380C0BB-6736-427F-8A57-D1A22AB28E1D}.Debug|Any CPU.Build.0 = Debug|Any CPU
		{F380C0BB-6736-427F-8A57-D1A22AB28E1D}.Release|Any CPU.ActiveCfg = Release|Any CPU
		{F380C0BB-6736-427F-8A57-D1A22AB28E1D}.Release|Any CPU.Build.0 = Release|Any CPU
	EndGlobalSection
	GlobalSection(SolutionProperties) = preSolution
		HideSolutionNode = FALSE
	EndGlobalSection
	GlobalSection(ExtensibilityGlobals) = postSolution
		SolutionGuid = {FF10E925-0F94-4954-B416-75ACB147A432}
	EndGlobalSection
EndGlobal
